
Microsoft Visual Studio Solution File, Format Version 12.00
# Visual Studio 15
Project("{FAE04EC0-301F-11D3-BF4B-00C04F79EFBC}") = "Assembly-CSharp", "Assembly-CSharp.csproj", "{7FAD15EB-68BF-8464-66F3-1DAFF889C88B}"
EndProject
Project("{FAE04EC0-301F-11D3-BF4B-00C04F79EFBC}") = "Assembly-CSharp-Editor", "Assembly-CSharp-Editor.csproj", "{5E576138-005E-D5C3-48D0-DC7894706FC3}"
EndProject
Global
	GlobalSection(SolutionConfigurationPlatforms) = preSolution
		Debug|Any CPU = Debug|Any CPU
		Release|Any CPU = Release|Any CPU
	EndGlobalSection
	GlobalSection(ProjectConfigurationPlatforms) = postSolution
		{7FAD15EB-68BF-8464-66F3-1DAFF889C88B}.Debug|Any CPU.ActiveCfg = Debug|Any CPU
		{7FAD15EB-68BF-8464-66F3-1DAFF889C88B}.Debug|Any CPU.Build.0 = Debug|Any CPU
		{7FAD15EB-68BF-8464-66F3-1DAFF889C88B}.Release|Any CPU.ActiveCfg = Release|Any CPU
		{7FAD15EB-68BF-8464-66F3-1DAFF889C88B}.Release|Any CPU.Build.0 = Release|Any CPU
		{5E576138-005E-D5C3-48D0-DC7894706FC3}.Debug|Any CPU.ActiveCfg = Debug|Any CPU
		{5E576138-005E-D5C3-48D0-DC7894706FC3}.Debug|Any CPU.Build.0 = Debug|Any CPU
		{5E576138-005E-D5C3-48D0-DC7894706FC3}.Release|Any CPU.ActiveCfg = Release|Any CPU
		{5E576138-005E-D5C3-48D0-DC7894706FC3}.Release|Any CPU.Build.0 = Release|Any CPU
	EndGlobalSection
	GlobalSection(SolutionProperties) = preSolution
		HideSolutionNode = FALSE
	EndGlobalSection
EndGlobal
