
Microsoft Visual Studio Solution File, Format Version 12.00
# Visual Studio 15
Project("{FAE04EC0-301F-11D3-BF4B-00C04F79EFBC}") = "Assembly-CSharp", "Assembly-CSharp.csproj", "{737F702D-6256-6F5E-DA25-B1052CC2FEEF}"
EndProject
Project("{FAE04EC0-301F-11D3-BF4B-00C04F79EFBC}") = "DOTween.Modules", "DOTween.Modules.csproj", "{7A7D5FF3-DE72-8A52-40B4-4E9042AAE5BF}"
EndProject
Global
	GlobalSection(SolutionConfigurationPlatforms) = preSolution
		Debug|Any CPU = Debug|Any CPU
		Release|Any CPU = Release|Any CPU
	EndGlobalSection
	GlobalSection(ProjectConfigurationPlatforms) = postSolution
		{737F702D-6256-6F5E-DA25-B1052CC2FEEF}.Debug|Any CPU.ActiveCfg = Debug|Any CPU
		{737F702D-6256-6F5E-DA25-B1052CC2FEEF}.Debug|Any CPU.Build.0 = Debug|Any CPU
		{737F702D-6256-6F5E-DA25-B1052CC2FEEF}.Release|Any CPU.ActiveCfg = Release|Any CPU
		{737F702D-6256-6F5E-DA25-B1052CC2FEEF}.Release|Any CPU.Build.0 = Release|Any CPU
		{7A7D5FF3-DE72-8A52-40B4-4E9042AAE5BF}.Debug|Any CPU.ActiveCfg = Debug|Any CPU
		{7A7D5FF3-DE72-8A52-40B4-4E9042AAE5BF}.Debug|Any CPU.Build.0 = Debug|Any CPU
		{7A7D5FF3-DE72-8A52-40B4-4E9042AAE5BF}.Release|Any CPU.ActiveCfg = Release|Any CPU
		{7A7D5FF3-DE72-8A52-40B4-4E9042AAE5BF}.Release|Any CPU.Build.0 = Release|Any CPU
	EndGlobalSection
	GlobalSection(SolutionProperties) = preSolution
		HideSolutionNode = FALSE
	EndGlobalSection
EndGlobal
